
Microsoft Visual Studio Solution File, Format Version 12.00
# Visual Studio Version 17
VisualStudioVersion = 17.12.35506.116 d17.12
MinimumVisualStudioVersion = 10.0.40219.1
Project("{FAE04EC0-301F-11D3-BF4B-00C04F79EFBC}") = "HDE", "HDE\HDE.csproj", "{D45CAA67-8E13-48B7-9151-4DC366D55051}"
EndProject
Global
	GlobalSection(SolutionConfigurationPlatforms) = preSolution
		Debug|Any CPU = Debug|Any CPU
		Release|Any CPU = Release|Any CPU
	EndGlobalSection
	GlobalSection(ProjectConfigurationPlatforms) = postSolution
		{D45CAA67-8E13-48B7-9151-4DC366D55051}.Debug|Any CPU.ActiveCfg = Debug|Any CPU
		{D45CAA67-8E13-48B7-9151-4DC366D55051}.Debug|Any CPU.Build.0 = Debug|Any CPU
		{D45CAA67-8E13-48B7-9151-4DC366D55051}.Release|Any CPU.ActiveCfg = Release|Any CPU
		{D45CAA67-8E13-48B7-9151-4DC366D55051}.Release|Any CPU.Build.0 = Release|Any CPU
	EndGlobalSection
	GlobalSection(SolutionProperties) = preSolution
		HideSolutionNode = FALSE
	EndGlobalSection
EndGlobal
